
Microsoft Visual Studio Solution File, Format Version 12.00
# Visual Studio 15
VisualStudioVersion = 15.0.26730.12
MinimumVisualStudioVersion = 10.0.40219.1
Project("{CC5FD16D-436D-48AD-A40C-5A424C6E3E79}") = "LoanBroker", "LoanBroker\LoanBroker.ccproj", "{A0B23E3A-42B8-496B-A4C9-D1474367E0E2}"
EndProject
Project("{FAE04EC0-301F-11D3-BF4B-00C04F79EFBC}") = "CreditScore", "CreditScore\CreditScore.csproj", "{14E5167F-B495-4FD0-96A7-E96AE0B4BAA2}"
EndProject
Project("{FAE04EC0-301F-11D3-BF4B-00C04F79EFBC}") = "BankRouter", "BankRouter\BankRouter.csproj", "{A494B358-A59C-455E-BA70-2B27E8A94532}"
EndProject
Project("{FAE04EC0-301F-11D3-BF4B-00C04F79EFBC}") = "BankSOAP", "BankSOAP\BankSOAP.csproj", "{44B03F58-958C-41CF-A08C-71D9F00754ED}"
EndProject
Project("{FAE04EC0-301F-11D3-BF4B-00C04F79EFBC}") = "TranslatorBankSOAP", "TranslatorBankSOAP\TranslatorBankSOAP.csproj", "{14F937EF-B09D-4ACF-A8E3-5884B34FED7A}"
EndProject
Project("{2150E333-8FDC-42A3-9474-1A3956D46DE8}") = "Translators", "Translators", "{28A547E3-D94A-4847-8130-8B88407137DF}"
EndProject
Global
	GlobalSection(SolutionConfigurationPlatforms) = preSolution
		Debug|Any CPU = Debug|Any CPU
		Release|Any CPU = Release|Any CPU
	EndGlobalSection
	GlobalSection(ProjectConfigurationPlatforms) = postSolution
		{A0B23E3A-42B8-496B-A4C9-D1474367E0E2}.Debug|Any CPU.ActiveCfg = Debug|Any CPU
		{A0B23E3A-42B8-496B-A4C9-D1474367E0E2}.Debug|Any CPU.Build.0 = Debug|Any CPU
		{A0B23E3A-42B8-496B-A4C9-D1474367E0E2}.Release|Any CPU.ActiveCfg = Release|Any CPU
		{A0B23E3A-42B8-496B-A4C9-D1474367E0E2}.Release|Any CPU.Build.0 = Release|Any CPU
		{14E5167F-B495-4FD0-96A7-E96AE0B4BAA2}.Debug|Any CPU.ActiveCfg = Debug|Any CPU
		{14E5167F-B495-4FD0-96A7-E96AE0B4BAA2}.Debug|Any CPU.Build.0 = Debug|Any CPU
		{14E5167F-B495-4FD0-96A7-E96AE0B4BAA2}.Release|Any CPU.ActiveCfg = Release|Any CPU
		{14E5167F-B495-4FD0-96A7-E96AE0B4BAA2}.Release|Any CPU.Build.0 = Release|Any CPU
		{A494B358-A59C-455E-BA70-2B27E8A94532}.Debug|Any CPU.ActiveCfg = Debug|Any CPU
		{A494B358-A59C-455E-BA70-2B27E8A94532}.Debug|Any CPU.Build.0 = Debug|Any CPU
		{A494B358-A59C-455E-BA70-2B27E8A94532}.Release|Any CPU.ActiveCfg = Release|Any CPU
		{A494B358-A59C-455E-BA70-2B27E8A94532}.Release|Any CPU.Build.0 = Release|Any CPU
		{44B03F58-958C-41CF-A08C-71D9F00754ED}.Debug|Any CPU.ActiveCfg = Debug|Any CPU
		{44B03F58-958C-41CF-A08C-71D9F00754ED}.Debug|Any CPU.Build.0 = Debug|Any CPU
		{44B03F58-958C-41CF-A08C-71D9F00754ED}.Release|Any CPU.ActiveCfg = Release|Any CPU
		{44B03F58-958C-41CF-A08C-71D9F00754ED}.Release|Any CPU.Build.0 = Release|Any CPU
		{14F937EF-B09D-4ACF-A8E3-5884B34FED7A}.Debug|Any CPU.ActiveCfg = Debug|Any CPU
		{14F937EF-B09D-4ACF-A8E3-5884B34FED7A}.Debug|Any CPU.Build.0 = Debug|Any CPU
		{14F937EF-B09D-4ACF-A8E3-5884B34FED7A}.Release|Any CPU.ActiveCfg = Release|Any CPU
		{14F937EF-B09D-4ACF-A8E3-5884B34FED7A}.Release|Any CPU.Build.0 = Release|Any CPU
	EndGlobalSection
	GlobalSection(SolutionProperties) = preSolution
		HideSolutionNode = FALSE
	EndGlobalSection
	GlobalSection(NestedProjects) = preSolution
		{14F937EF-B09D-4ACF-A8E3-5884B34FED7A} = {28A547E3-D94A-4847-8130-8B88407137DF}
	EndGlobalSection
	GlobalSection(ExtensibilityGlobals) = postSolution
		SolutionGuid = {C995B687-DA95-4BA1-A294-7AF5FDB746CA}
	EndGlobalSection
EndGlobal
